// !$*UTF8*$!
{
	archiveVersion = 1;
	classes = {
	};
	objectVersion = 56;
	objects = {

/* Begin PBXBuildFile section */
		A282B5142C52C92D0063F026 /* test.swift in Sources */ = {isa = PBXBuildFile; fileRef = A282B5132C52C92D0063F026 /* test.swift */; };
		A2A0F7BC2C50E11100DA01F5 /* books_AppApp.swift in Sources */ = {isa = PBXBuildFile; fileRef = A2A0F7BB2C50E11100DA01F5 /* books_AppApp.swift */; };
		A2A0F7BE2C50E11100DA01F5 /* ContentView.swift in Sources */ = {isa = PBXBuildFile; fileRef = A2A0F7BD2C50E11100DA01F5 /* ContentView.swift */; };
		A2A0F7C02C50E11200DA01F5 /* Assets.xcassets in Resources */ = {isa = PBXBuildFile; fileRef = A2A0F7BF2C50E11200DA01F5 /* Assets.xcassets */; };
		A2A0F7C32C50E11200DA01F5 /* Preview Assets.xcassets in Resources */ = {isa = PBXBuildFile; fileRef = A2A0F7C22C50E11200DA01F5 /* Preview Assets.xcassets */; };
		A2A0F7CD2C50E11200DA01F5 /* books_AppTests.swift in Sources */ = {isa = PBXBuildFile; fileRef = A2A0F7CC2C50E11200DA01F5 /* books_AppTests.swift */; };
		A2A0F7D72C50E11200DA01F5 /* books_AppUITests.swift in Sources */ = {isa = PBXBuildFile; fileRef = A2A0F7D62C50E11200DA01F5 /* books_AppUITests.swift */; };
		A2A0F7D92C50E11200DA01F5 /* books_AppUITestsLaunchTests.swift in Sources */ = {isa = PBXBuildFile; fileRef = A2A0F7D82C50E11200DA01F5 /* books_AppUITestsLaunchTests.swift */; };
		A2A0F7E62C50E1CF00DA01F5 /* BooksModel.swift in Sources */ = {isa = PBXBuildFile; fileRef = A2A0F7E52C50E1CF00DA01F5 /* BooksModel.swift */; };
		A2A0F7E82C51072800DA01F5 /* BooksDetailsView.swift in Sources */ = {isa = PBXBuildFile; fileRef = A2A0F7E72C51072800DA01F5 /* BooksDetailsView.swift */; };
		A2A0F7EA2C51075000DA01F5 /* VerticalBooksView.swift in Sources */ = {isa = PBXBuildFile; fileRef = A2A0F7E92C51075000DA01F5 /* VerticalBooksView.swift */; };
		A2A0F7EC2C51076B00DA01F5 /* HorizontalBooksView.swift in Sources */ = {isa = PBXBuildFile; fileRef = A2A0F7EB2C51076B00DA01F5 /* HorizontalBooksView.swift */; };
		A2A0F7EE2C510FC800DA01F5 /* BooksViewModel.swift in Sources */ = {isa = PBXBuildFile; fileRef = A2A0F7ED2C510FC800DA01F5 /* BooksViewModel.swift */; };
/* End PBXBuildFile section */

/* Begin PBXContainerItemProxy section */
		A2A0F7C92C50E11200DA01F5 /* PBXContainerItemProxy */ = {
			isa = PBXContainerItemProxy;
			containerPortal = A2A0F7B02C50E11100DA01F5 /* Project object */;
			proxyType = 1;
			remoteGlobalIDString = A2A0F7B72C50E11100DA01F5;
			remoteInfo = "books App";
		};
		A2A0F7D32C50E11200DA01F5 /* PBXContainerItemProxy */ = {
			isa = PBXContainerItemProxy;
			containerPortal = A2A0F7B02C50E11100DA01F5 /* Project object */;
			proxyType = 1;
			remoteGlobalIDString = A2A0F7B72C50E11100DA01F5;
			remoteInfo = "books App";
		};
/* End PBXContainerItemProxy section */

/* Begin PBXFileReference section */
		A282B5132C52C92D0063F026 /* test.swift */ = {isa = PBXFileReference; lastKnownFileType = sourcecode.swift; path = test.swift; sourceTree = "<group>"; };
		A2A0F7B82C50E11100DA01F5 /* books App.app */ = {isa = PBXFileReference; explicitFileType = wrapper.application; includeInIndex = 0; path = "books App.app"; sourceTree = BUILT_PRODUCTS_DIR; };
		A2A0F7BB2C50E11100DA01F5 /* books_AppApp.swift */ = {isa = PBXFileReference; lastKnownFileType = sourcecode.swift; path = books_AppApp.swift; sourceTree = "<group>"; };
		A2A0F7BD2C50E11100DA01F5 /* ContentView.swift */ = {isa = PBXFileReference; lastKnownFileType = sourcecode.swift; path = ContentView.swift; sourceTree = "<group>"; };
		A2A0F7BF2C50E11200DA01F5 /* Assets.xcassets */ = {isa = PBXFileReference; lastKnownFileType = folder.assetcatalog; path = Assets.xcassets; sourceTree = "<group>"; };
		A2A0F7C22C50E11200DA01F5 /* Preview Assets.xcassets */ = {isa = PBXFileReference; lastKnownFileType = folder.assetcatalog; path = "Preview Assets.xcassets"; sourceTree = "<group>"; };
		A2A0F7C82C50E11200DA01F5 /* books AppTests.xctest */ = {isa = PBXFileReference; explicitFileType = wrapper.cfbundle; includeInIndex = 0; path = "books AppTests.xctest"; sourceTree = BUILT_PRODUCTS_DIR; };
		A2A0F7CC2C50E11200DA01F5 /* books_AppTests.swift */ = {isa = PBXFileReference; lastKnownFileType = sourcecode.swift; path = books_AppTests.swift; sourceTree = "<group>"; };
		A2A0F7D22C50E11200DA01F5 /* books AppUITests.xctest */ = {isa = PBXFileReference; explicitFileType = wrapper.cfbundle; includeInIndex = 0; path = "books AppUITests.xctest"; sourceTree = BUILT_PRODUCTS_DIR; };
		A2A0F7D62C50E11200DA01F5 /* books_AppUITests.swift */ = {isa = PBXFileReference; lastKnownFileType = sourcecode.swift; path = books_AppUITests.swift; sourceTree = "<group>"; };
		A2A0F7D82C50E11200DA01F5 /* books_AppUITestsLaunchTests.swift */ = {isa = PBXFileReference; lastKnownFileType = sourcecode.swift; path = books_AppUITestsLaunchTests.swift; sourceTree = "<group>"; };
		A2A0F7E52C50E1CF00DA01F5 /* BooksModel.swift */ = {isa = PBXFileReference; lastKnownFileType = sourcecode.swift; path = BooksModel.swift; sourceTree = "<group>"; };
		A2A0F7E72C51072800DA01F5 /* BooksDetailsView.swift */ = {isa = PBXFileReference; lastKnownFileType = sourcecode.swift; path = BooksDetailsView.swift; sourceTree = "<group>"; };
		A2A0F7E92C51075000DA01F5 /* VerticalBooksView.swift */ = {isa = PBXFileReference; lastKnownFileType = sourcecode.swift; path = VerticalBooksView.swift; sourceTree = "<group>"; };
		A2A0F7EB2C51076B00DA01F5 /* HorizontalBooksView.swift */ = {isa = PBXFileReference; lastKnownFileType = sourcecode.swift; path = HorizontalBooksView.swift; sourceTree = "<group>"; };
		A2A0F7ED2C510FC800DA01F5 /* BooksViewModel.swift */ = {isa = PBXFileReference; lastKnownFileType = sourcecode.swift; path = BooksViewModel.swift; sourceTree = "<group>"; };
/* End PBXFileReference section */

/* Begin PBXFrameworksBuildPhase section */
		A2A0F7B52C50E11100DA01F5 /* Frameworks */ = {
			isa = PBXFrameworksBuildPhase;
			buildActionMask = 2147483647;
			files = (
			);
			runOnlyForDeploymentPostprocessing = 0;
		};
		A2A0F7C52C50E11200DA01F5 /* Frameworks */ = {
			isa = PBXFrameworksBuildPhase;
			buildActionMask = 2147483647;
			files = (
			);
			runOnlyForDeploymentPostprocessing = 0;
		};
		A2A0F7CF2C50E11200DA01F5 /* Frameworks */ = {
			isa = PBXFrameworksBuildPhase;
			buildActionMask = 2147483647;
			files = (
			);
			runOnlyForDeploymentPostprocessing = 0;
		};
/* End PBXFrameworksBuildPhase section */

/* Begin PBXGroup section */
		A2A0F7AF2C50E11100DA01F5 = {
			isa = PBXGroup;
			children = (
				A2A0F7BA2C50E11100DA01F5 /* books App */,
				A2A0F7CB2C50E11200DA01F5 /* books AppTests */,
				A2A0F7D52C50E11200DA01F5 /* books AppUITests */,
				A2A0F7B92C50E11100DA01F5 /* Products */,
			);
			sourceTree = "<group>";
		};
		A2A0F7B92C50E11100DA01F5 /* Products */ = {
			isa = PBXGroup;
			children = (
				A2A0F7B82C50E11100DA01F5 /* books App.app */,
				A2A0F7C82C50E11200DA01F5 /* books AppTests.xctest */,
				A2A0F7D22C50E11200DA01F5 /* books AppUITests.xctest */,
			);
			name = Products;
			sourceTree = "<group>";
		};
		A2A0F7BA2C50E11100DA01F5 /* books App */ = {
			isa = PBXGroup;
			children = (
				A2A0F7BB2C50E11100DA01F5 /* books_AppApp.swift */,
				A2A0F7BD2C50E11100DA01F5 /* ContentView.swift */,
				A2A0F7E72C51072800DA01F5 /* BooksDetailsView.swift */,
				A2A0F7E92C51075000DA01F5 /* VerticalBooksView.swift */,
				A2A0F7EB2C51076B00DA01F5 /* HorizontalBooksView.swift */,
				A2A0F7ED2C510FC800DA01F5 /* BooksViewModel.swift */,
				A2A0F7E52C50E1CF00DA01F5 /* BooksModel.swift */,
				A2A0F7BF2C50E11200DA01F5 /* Assets.xcassets */,
				A2A0F7C12C50E11200DA01F5 /* Preview Content */,
				A282B5132C52C92D0063F026 /* test.swift */,
			);
			path = "books App";
			sourceTree = "<group>";
		};
		A2A0F7C12C50E11200DA01F5 /* Preview Content */ = {
			isa = PBXGroup;
			children = (
				A2A0F7C22C50E11200DA01F5 /* Preview Assets.xcassets */,
			);
			path = "Preview Content";
			sourceTree = "<group>";
		};
		A2A0F7CB2C50E11200DA01F5 /* books AppTests */ = {
			isa = PBXGroup;
			children = (
				A2A0F7CC2C50E11200DA01F5 /* books_AppTests.swift */,
			);
			path = "books AppTests";
			sourceTree = "<group>";
		};
		A2A0F7D52C50E11200DA01F5 /* books AppUITests */ = {
			isa = PBXGroup;
			children = (
				A2A0F7D62C50E11200DA01F5 /* books_AppUITests.swift */,
				A2A0F7D82C50E11200DA01F5 /* books_AppUITestsLaunchTests.swift */,
			);
			path = "books AppUITests";
			sourceTree = "<group>";
		};
/* End PBXGroup section */

/* Begin PBXNativeTarget section */
		A2A0F7B72C50E11100DA01F5 /* books App */ = {
			isa = PBXNativeTarget;
			buildConfigurationList = A2A0F7DC2C50E11200DA01F5 /* Build configuration list for PBXNativeTarget "books App" */;
			buildPhases = (
				A2A0F7B42C50E11100DA01F5 /* Sources */,
				A2A0F7B52C50E11100DA01F5 /* Frameworks */,
				A2A0F7B62C50E11100DA01F5 /* Resources */,
			);
			buildRules = (
			);
			dependencies = (
			);
			name = "books App";
			productName = "books App";
			productReference = A2A0F7B82C50E11100DA01F5 /* books App.app */;
			productType = "com.apple.product-type.application";
		};
		A2A0F7C72C50E11200DA01F5 /* books AppTests */ = {
			isa = PBXNativeTarget;
			buildConfigurationList = A2A0F7DF2C50E11200DA01F5 /* Build configuration list for PBXNativeTarget "books AppTests" */;
			buildPhases = (
				A2A0F7C42C50E11200DA01F5 /* Sources */,
				A2A0F7C52C50E11200DA01F5 /* Frameworks */,
				A2A0F7C62C50E11200DA01F5 /* Resources */,
			);
			buildRules = (
			);
			dependencies = (
				A2A0F7CA2C50E11200DA01F5 /* PBXTargetDependency */,
			);
			name = "books AppTests";
			productName = "books AppTests";
			productReference = A2A0F7C82C50E11200DA01F5 /* books AppTests.xctest */;
			productType = "com.apple.product-type.bundle.unit-test";
		};
		A2A0F7D12C50E11200DA01F5 /* books AppUITests */ = {
			isa = PBXNativeTarget;
			buildConfigurationList = A2A0F7E22C50E11200DA01F5 /* Build configuration list for PBXNativeTarget "books AppUITests" */;
			buildPhases = (
				A2A0F7CE2C50E11200DA01F5 /* Sources */,
				A2A0F7CF2C50E11200DA01F5 /* Frameworks */,
				A2A0F7D02C50E11200DA01F5 /* Resources */,
			);
			buildRules = (
			);
			dependencies = (
				A2A0F7D42C50E11200DA01F5 /* PBXTargetDependency */,
			);
			name = "books AppUITests";
			productName = "books AppUITests";
			productReference = A2A0F7D22C50E11200DA01F5 /* books AppUITests.xctest */;
			productType = "com.apple.product-type.bundle.ui-testing";
		};
/* End PBXNativeTarget section */

/* Begin PBXProject section */
		A2A0F7B02C50E11100DA01F5 /* Project object */ = {
			isa = PBXProject;
			attributes = {
				BuildIndependentTargetsInParallel = 1;
				LastSwiftUpdateCheck = 1540;
				LastUpgradeCheck = 1540;
				TargetAttributes = {
					A2A0F7B72C50E11100DA01F5 = {
						CreatedOnToolsVersion = 15.4;
					};
					A2A0F7C72C50E11200DA01F5 = {
						CreatedOnToolsVersion = 15.4;
						TestTargetID = A2A0F7B72C50E11100DA01F5;
					};
					A2A0F7D12C50E11200DA01F5 = {
						CreatedOnToolsVersion = 15.4;
						TestTargetID = A2A0F7B72C50E11100DA01F5;
					};
				};
			};
			buildConfigurationList = A2A0F7B32C50E11100DA01F5 /* Build configuration list for PBXProject "books App" */;
			compatibilityVersion = "Xcode 14.0";
			developmentRegion = en;
			hasScannedForEncodings = 0;
			knownRegions = (
				en,
				Base,
			);
			mainGroup = A2A0F7AF2C50E11100DA01F5;
			productRefGroup = A2A0F7B92C50E11100DA01F5 /* Products */;
			projectDirPath = "";
			projectRoot = "";
			targets = (
				A2A0F7B72C50E11100DA01F5 /* books App */,
				A2A0F7C72C50E11200DA01F5 /* books AppTests */,
				A2A0F7D12C50E11200DA01F5 /* books AppUITests */,
			);
		};
/* End PBXProject section */

/* Begin PBXResourcesBuildPhase section */
		A2A0F7B62C50E11100DA01F5 /* Resources */ = {
			isa = PBXResourcesBuildPhase;
			buildActionMask = 2147483647;
			files = (
				A2A0F7C32C50E11200DA01F5 /* Preview Assets.xcassets in Resources */,
				A2A0F7C02C50E11200DA01F5 /* Assets.xcassets in Resources */,
			);
			runOnlyForDeploymentPostprocessing = 0;
		};
		A2A0F7C62C50E11200DA01F5 /* Resources */ = {
			isa = PBXResourcesBuildPhase;
			buildActionMask = 2147483647;
			files = (
			);
			runOnlyForDeploymentPostprocessing = 0;
		};
		A2A0F7D02C50E11200DA01F5 /* Resources */ = {
			isa = PBXResourcesBuildPhase;
			buildActionMask = 2147483647;
			files = (
			);
			runOnlyForDeploymentPostprocessing = 0;
		};
/* End PBXResourcesBuildPhase section */

/* Begin PBXSourcesBuildPhase section */
		A2A0F7B42C50E11100DA01F5 /* Sources */ = {
			isa = PBXSourcesBuildPhase;
			buildActionMask = 2147483647;
			files = (
				A2A0F7E82C51072800DA01F5 /* BooksDetailsView.swift in Sources */,
				A2A0F7EC2C51076B00DA01F5 /* HorizontalBooksView.swift in Sources */,
				A2A0F7E62C50E1CF00DA01F5 /* BooksModel.swift in Sources */,
				A2A0F7EE2C510FC800DA01F5 /* BooksViewModel.swift in Sources */,
				A2A0F7BE2C50E11100DA01F5 /* ContentView.swift in Sources */,
				A282B5142C52C92D0063F026 /* test.swift in Sources */,
				A2A0F7EA2C51075000DA01F5 /* VerticalBooksView.swift in Sources */,
				A2A0F7BC2C50E11100DA01F5 /* books_AppApp.swift in Sources */,
			);
			runOnlyForDeploymentPostprocessing = 0;
		};
		A2A0F7C42C50E11200DA01F5 /* Sources */ = {
			isa = PBXSourcesBuildPhase;
			buildActionMask = 2147483647;
			files = (
				A2A0F7CD2C50E11200DA01F5 /* books_AppTests.swift in Sources */,
			);
			runOnlyForDeploymentPostprocessing = 0;
		};
		A2A0F7CE2C50E11200DA01F5 /* Sources */ = {
			isa = PBXSourcesBuildPhase;
			buildActionMask = 2147483647;
			files = (
				A2A0F7D72C50E11200DA01F5 /* books_AppUITests.swift in Sources */,
				A2A0F7D92C50E11200DA01F5 /* books_AppUITestsLaunchTests.swift in Sources */,
			);
			runOnlyForDeploymentPostprocessing = 0;
		};
/* End PBXSourcesBuildPhase section */

/* Begin PBXTargetDependency section */
		A2A0F7CA2C50E11200DA01F5 /* PBXTargetDependency */ = {
			isa = PBXTargetDependency;
			target = A2A0F7B72C50E11100DA01F5 /* books App */;
			targetProxy = A2A0F7C92C50E11200DA01F5 /* PBXContainerItemProxy */;
		};
		A2A0F7D42C50E11200DA01F5 /* PBXTargetDependency */ = {
			isa = PBXTargetDependency;
			target = A2A0F7B72C50E11100DA01F5 /* books App */;
			targetProxy = A2A0F7D32C50E11200DA01F5 /* PBXContainerItemProxy */;
		};
/* End PBXTargetDependency section */

/* Begin XCBuildConfiguration section */
		A2A0F7DA2C50E11200DA01F5 /* Debug */ = {
			isa = XCBuildConfiguration;
			buildSettings = {
				ALWAYS_SEARCH_USER_PATHS = NO;
				ASSETCATALOG_COMPILER_GENERATE_SWIFT_ASSET_SYMBOL_EXTENSIONS = YES;
				CLANG_ANALYZER_NONNULL = YES;
				CLANG_ANALYZER_NUMBER_OBJECT_CONVERSION = YES_AGGRESSIVE;
				CLANG_CXX_LANGUAGE_STANDARD = "gnu++20";
				CLANG_ENABLE_MODULES = YES;
				CLANG_ENABLE_OBJC_ARC = YES;
				CLANG_ENABLE_OBJC_WEAK = YES;
				CLANG_WARN_BLOCK_CAPTURE_AUTORELEASING = YES;
				CLANG_WARN_BOOL_CONVERSION = YES;
				CLANG_WARN_COMMA = YES;
				CLANG_WARN_CONSTANT_CONVERSION = YES;
				CLANG_WARN_DEPRECATED_OBJC_IMPLEMENTATIONS = YES;
				CLANG_WARN_DIRECT_OBJC_ISA_USAGE = YES_ERROR;
				CLANG_WARN_DOCUMENTATION_COMMENTS = YES;
				CLANG_WARN_EMPTY_BODY = YES;
				CLANG_WARN_ENUM_CONVERSION = YES;
				CLANG_WARN_INFINITE_RECURSION = YES;
				CLANG_WARN_INT_CONVERSION = YES;
				CLANG_WARN_NON_LITERAL_NULL_CONVERSION = YES;
				CLANG_WARN_OBJC_IMPLICIT_RETAIN_SELF = YES;
				CLANG_WARN_OBJC_LITERAL_CONVERSION = YES;
				CLANG_WARN_OBJC_ROOT_CLASS = YES_ERROR;
				CLANG_WARN_QUOTED_INCLUDE_IN_FRAMEWORK_HEADER = YES;
				CLANG_WARN_RANGE_LOOP_ANALYSIS = YES;
				CLANG_WARN_STRICT_PROTOTYPES = YES;
				CLANG_WARN_SUSPICIOUS_MOVE = YES;
				CLANG_WARN_UNGUARDED_AVAILABILITY = YES_AGGRESSIVE;
				CLANG_WARN_UNREACHABLE_CODE = YES;
				CLANG_WARN__DUPLICATE_METHOD_MATCH = YES;
				COPY_PHASE_STRIP = NO;
				DEBUG_INFORMATION_FORMAT = dwarf;
				ENABLE_STRICT_OBJC_MSGSEND = YES;
				ENABLE_TESTABILITY = YES;
				ENABLE_USER_SCRIPT_SANDBOXING = YES;
				GCC_C_LANGUAGE_STANDARD = gnu17;
				GCC_DYNAMIC_NO_PIC = NO;
				GCC_NO_COMMON_BLOCKS = YES;
				GCC_OPTIMIZATION_LEVEL = 0;
				GCC_PREPROCESSOR_DEFINITIONS = (
					"DEBUG=1",
					"$(inherited)",
				);
				GCC_WARN_64_TO_32_BIT_CONVERSION = YES;
				GCC_WARN_ABOUT_RETURN_TYPE = YES_ERROR;
				GCC_WARN_UNDECLARED_SELECTOR = YES;
				GCC_WARN_UNINITIALIZED_AUTOS = YES_AGGRESSIVE;
				GCC_WARN_UNUSED_FUNCTION = YES;
				GCC_WARN_UNUSED_VARIABLE = YES;
				IPHONEOS_DEPLOYMENT_TARGET = 17.5;
				LOCALIZATION_PREFERS_STRING_CATALOGS = YES;
				MTL_ENABLE_DEBUG_INFO = INCLUDE_SOURCE;
				MTL_FAST_MATH = YES;
				ONLY_ACTIVE_ARCH = YES;
				SDKROOT = iphoneos;
				SWIFT_ACTIVE_COMPILATION_CONDITIONS = "DEBUG $(inherited)";
				SWIFT_OPTIMIZATION_LEVEL = "-Onone";
			};
			name = Debug;
		};
		A2A0F7DB2C50E11200DA01F5 /* Release */ = {
			isa = XCBuildConfiguration;
			buildSettings = {
				ALWAYS_SEARCH_USER_PATHS = NO;
				ASSETCATALOG_COMPILER_GENERATE_SWIFT_ASSET_SYMBOL_EXTENSIONS = YES;
				CLANG_ANALYZER_NONNULL = YES;
				CLANG_ANALYZER_NUMBER_OBJECT_CONVERSION = YES_AGGRESSIVE;
				CLANG_CXX_LANGUAGE_STANDARD = "gnu++20";
				CLANG_ENABLE_MODULES = YES;
				CLANG_ENABLE_OBJC_ARC = YES;
				CLANG_ENABLE_OBJC_WEAK = YES;
				CLANG_WARN_BLOCK_CAPTURE_AUTORELEASING = YES;
				CLANG_WARN_BOOL_CONVERSION = YES;
				CLANG_WARN_COMMA = YES;
				CLANG_WARN_CONSTANT_CONVERSION = YES;
				CLANG_WARN_DEPRECATED_OBJC_IMPLEMENTATIONS = YES;
				CLANG_WARN_DIRECT_OBJC_ISA_USAGE = YES_ERROR;
				CLANG_WARN_DOCUMENTATION_COMMENTS = YES;
				CLANG_WARN_EMPTY_BODY = YES;
				CLANG_WARN_ENUM_CONVERSION = YES;
				CLANG_WARN_INFINITE_RECURSION = YES;
				CLANG_WARN_INT_CONVERSION = YES;
				CLANG_WARN_NON_LITERAL_NULL_CONVERSION = YES;
				CLANG_WARN_OBJC_IMPLICIT_RETAIN_SELF = YES;
				CLANG_WARN_OBJC_LITERAL_CONVERSION = YES;
				CLANG_WARN_OBJC_ROOT_CLASS = YES_ERROR;
				CLANG_WARN_QUOTED_INCLUDE_IN_FRAMEWORK_HEADER = YES;
				CLANG_WARN_RANGE_LOOP_ANALYSIS = YES;
				CLANG_WARN_STRICT_PROTOTYPES = YES;
				CLANG_WARN_SUSPICIOUS_MOVE = YES;
				CLANG_WARN_UNGUARDED_AVAILABILITY = YES_AGGRESSIVE;
				CLANG_WARN_UNREACHABLE_CODE = YES;
				CLANG_WARN__DUPLICATE_METHOD_MATCH = YES;
				COPY_PHASE_STRIP = NO;
				DEBUG_INFORMATION_FORMAT = "dwarf-with-dsym";
				ENABLE_NS_ASSERTIONS = NO;
				ENABLE_STRICT_OBJC_MSGSEND = YES;
				ENABLE_USER_SCRIPT_SANDBOXING = YES;
				GCC_C_LANGUAGE_STANDARD = gnu17;
				GCC_NO_COMMON_BLOCKS = YES;
				GCC_WARN_64_TO_32_BIT_CONVERSION = YES;
				GCC_WARN_ABOUT_RETURN_TYPE = YES_ERROR;
				GCC_WARN_UNDECLARED_SELECTOR = YES;
				GCC_WARN_UNINITIALIZED_AUTOS = YES_AGGRESSIVE;
				GCC_WARN_UNUSED_FUNCTION = YES;
				GCC_WARN_UNUSED_VARIABLE = YES;
				IPHONEOS_DEPLOYMENT_TARGET = 17.5;
				LOCALIZATION_PREFERS_STRING_CATALOGS = YES;
				MTL_ENABLE_DEBUG_INFO = NO;
				MTL_FAST_MATH = YES;
				SDKROOT = iphoneos;
				SWIFT_COMPILATION_MODE = wholemodule;
				VALIDATE_PRODUCT = YES;
			};
			name = Release;
		};
		A2A0F7DD2C50E11200DA01F5 /* Debug */ = {
			isa = XCBuildConfiguration;
			buildSettings = {
				ASSETCATALOG_COMPILER_APPICON_NAME = AppIcon;
				ASSETCATALOG_COMPILER_GLOBAL_ACCENT_COLOR_NAME = AccentColor;
				CODE_SIGN_STYLE = Automatic;
				CURRENT_PROJECT_VERSION = 1;
				DEVELOPMENT_ASSET_PATHS = "\"books App/Preview Content\"";
				DEVELOPMENT_TEAM = 49DTH222AM;
				ENABLE_PREVIEWS = YES;
				GENERATE_INFOPLIST_FILE = YES;
				INFOPLIST_KEY_UIApplicationSceneManifest_Generation = YES;
				INFOPLIST_KEY_UIApplicationSupportsIndirectInputEvents = YES;
				INFOPLIST_KEY_UILaunchScreen_Generation = YES;
				INFOPLIST_KEY_UISupportedInterfaceOrientations_iPad = "UIInterfaceOrientationPortrait UIInterfaceOrientationPortraitUpsideDown UIInterfaceOrientationLandscapeLeft UIInterfaceOrientationLandscapeRight";
				INFOPLIST_KEY_UISupportedInterfaceOrientations_iPhone = "UIInterfaceOrientationPortrait UIInterfaceOrientationLandscapeLeft UIInterfaceOrientationLandscapeRight";
				LD_RUNPATH_SEARCH_PATHS = (
					"$(inherited)",
					"@executable_path/Frameworks",
				);
				MARKETING_VERSION = 1.0;
				PRODUCT_BUNDLE_IDENTIFIER = "shuaa.books-App";
				PRODUCT_NAME = "$(TARGET_NAME)";
				SWIFT_EMIT_LOC_STRINGS = YES;
				SWIFT_VERSION = 5.0;
				TARGETED_DEVICE_FAMILY = "1,2";
			};
			name = Debug;
		};
		A2A0F7DE2C50E11200DA01F5 /* Release */ = {
			isa = XCBuildConfiguration;
			buildSettings = {
				ASSETCATALOG_COMPILER_APPICON_NAME = AppIcon;
				ASSETCATALOG_COMPILER_GLOBAL_ACCENT_COLOR_NAME = AccentColor;
				CODE_SIGN_STYLE = Automatic;
				CURRENT_PROJECT_VERSION = 1;
				DEVELOPMENT_ASSET_PATHS = "\"books App/Preview Content\"";
				DEVELOPMENT_TEAM = 49DTH222AM;
				ENABLE_PREVIEWS = YES;
				GENERATE_INFOPLIST_FILE = YES;
				INFOPLIST_KEY_UIApplicationSceneManifest_Generation = YES;
				INFOPLIST_KEY_UIApplicationSupportsIndirectInputEvents = YES;
				INFOPLIST_KEY_UILaunchScreen_Generation = YES;
				INFOPLIST_KEY_UISupportedInterfaceOrientations_iPad = "UIInterfaceOrientationPortrait UIInterfaceOrientationPortraitUpsideDown UIInterfaceOrientationLandscapeLeft UIInterfaceOrientationLandscapeRight";
				INFOPLIST_KEY_UISupportedInterfaceOrientations_iPhone = "UIInterfaceOrientationPortrait UIInterfaceOrientationLandscapeLeft UIInterfaceOrientationLandscapeRight";
				LD_RUNPATH_SEARCH_PATHS = (
					"$(inherited)",
					"@executable_path/Frameworks",
				);
				MARKETING_VERSION = 1.0;
				PRODUCT_BUNDLE_IDENTIFIER = "shuaa.books-App";
				PRODUCT_NAME = "$(TARGET_NAME)";
				SWIFT_EMIT_LOC_STRINGS = YES;
				SWIFT_VERSION = 5.0;
				TARGETED_DEVICE_FAMILY = "1,2";
			};
			name = Release;
		};
		A2A0F7E02C50E11200DA01F5 /* Debug */ = {
			isa = XCBuildConfiguration;
			buildSettings = {
				ALWAYS_EMBED_SWIFT_STANDARD_LIBRARIES = YES;
				BUNDLE_LOADER = "$(TEST_HOST)";
				CODE_SIGN_STYLE = Automatic;
				CURRENT_PROJECT_VERSION = 1;
				DEVELOPMENT_TEAM = 49DTH222AM;
				GENERATE_INFOPLIST_FILE = YES;
				IPHONEOS_DEPLOYMENT_TARGET = 17.5;
				MARKETING_VERSION = 1.0;
				PRODUCT_BUNDLE_IDENTIFIER = "shuaa.books-AppTests";
				PRODUCT_NAME = "$(TARGET_NAME)";
				SWIFT_EMIT_LOC_STRINGS = NO;
				SWIFT_VERSION = 5.0;
				TARGETED_DEVICE_FAMILY = "1,2";
				TEST_HOST = "$(BUILT_PRODUCTS_DIR)/books App.app/$(BUNDLE_EXECUTABLE_FOLDER_PATH)/books App";
			};
			name = Debug;
		};
		A2A0F7E12C50E11200DA01F5 /* Release */ = {
			isa = XCBuildConfiguration;
			buildSettings = {
				ALWAYS_EMBED_SWIFT_STANDARD_LIBRARIES = YES;
				BUNDLE_LOADER = "$(TEST_HOST)";
				CODE_SIGN_STYLE = Automatic;
				CURRENT_PROJECT_VERSION = 1;
				DEVELOPMENT_TEAM = 49DTH222AM;
				GENERATE_INFOPLIST_FILE = YES;
				IPHONEOS_DEPLOYMENT_TARGET = 17.5;
				MARKETING_VERSION = 1.0;
				PRODUCT_BUNDLE_IDENTIFIER = "shuaa.books-AppTests";
				PRODUCT_NAME = "$(TARGET_NAME)";
				SWIFT_EMIT_LOC_STRINGS = NO;
				SWIFT_VERSION = 5.0;
				TARGETED_DEVICE_FAMILY = "1,2";
				TEST_HOST = "$(BUILT_PRODUCTS_DIR)/books App.app/$(BUNDLE_EXECUTABLE_FOLDER_PATH)/books App";
			};
			name = Release;
		};
		A2A0F7E32C50E11200DA01F5 /* Debug */ = {
			isa = XCBuildConfiguration;
			buildSettings = {
				ALWAYS_EMBED_SWIFT_STANDARD_LIBRARIES = YES;
				CODE_SIGN_STYLE = Automatic;
				CURRENT_PROJECT_VERSION = 1;
				DEVELOPMENT_TEAM = 49DTH222AM;
				GENERATE_INFOPLIST_FILE = YES;
				MARKETING_VERSION = 1.0;
				PRODUCT_BUNDLE_IDENTIFIER = "shuaa.books-AppUITests";
				PRODUCT_NAME = "$(TARGET_NAME)";
				SWIFT_EMIT_LOC_STRINGS = NO;
				SWIFT_VERSION = 5.0;
				TARGETED_DEVICE_FAMILY = "1,2";
				TEST_TARGET_NAME = "books App";
			};
			name = Debug;
		};
		A2A0F7E42C50E11200DA01F5 /* Release */ = {
			isa = XCBuildConfiguration;
			buildSettings = {
				ALWAYS_EMBED_SWIFT_STANDARD_LIBRARIES = YES;
				CODE_SIGN_STYLE = Automatic;
				CURRENT_PROJECT_VERSION = 1;
				DEVELOPMENT_TEAM = 49DTH222AM;
				GENERATE_INFOPLIST_FILE = YES;
				MARKETING_VERSION = 1.0;
				PRODUCT_BUNDLE_IDENTIFIER = "shuaa.books-AppUITests";
				PRODUCT_NAME = "$(TARGET_NAME)";
				SWIFT_EMIT_LOC_STRINGS = NO;
				SWIFT_VERSION = 5.0;
				TARGETED_DEVICE_FAMILY = "1,2";
				TEST_TARGET_NAME = "books App";
			};
			name = Release;
		};
/* End XCBuildConfiguration section */

/* Begin XCConfigurationList section */
		A2A0F7B32C50E11100DA01F5 /* Build configuration list for PBXProject "books App" */ = {
			isa = XCConfigurationList;
			buildConfigurations = (
				A2A0F7DA2C50E11200DA01F5 /* Debug */,
				A2A0F7DB2C50E11200DA01F5 /* Release */,
			);
			defaultConfigurationIsVisible = 0;
			defaultConfigurationName = Release;
		};
		A2A0F7DC2C50E11200DA01F5 /* Build configuration list for PBXNativeTarget "books App" */ = {
			isa = XCConfigurationList;
			buildConfigurations = (
				A2A0F7DD2C50E11200DA01F5 /* Debug */,
				A2A0F7DE2C50E11200DA01F5 /* Release */,
			);
			defaultConfigurationIsVisible = 0;
			defaultConfigurationName = Release;
		};
		A2A0F7DF2C50E11200DA01F5 /* Build configuration list for PBXNativeTarget "books AppTests" */ = {
			isa = XCConfigurationList;
			buildConfigurations = (
				A2A0F7E02C50E11200DA01F5 /* Debug */,
				A2A0F7E12C50E11200DA01F5 /* Release */,
			);
			defaultConfigurationIsVisible = 0;
			defaultConfigurationName = Release;
		};
		A2A0F7E22C50E11200DA01F5 /* Build configuration list for PBXNativeTarget "books AppUITests" */ = {
			isa = XCConfigurationList;
			buildConfigurations = (
				A2A0F7E32C50E11200DA01F5 /* Debug */,
				A2A0F7E42C50E11200DA01F5 /* Release */,
			);
			defaultConfigurationIsVisible = 0;
			defaultConfigurationName = Release;
		};
/* End XCConfigurationList section */
	};
	rootObject = A2A0F7B02C50E11100DA01F5 /* Project object */;
}
